
Microsoft Visual Studio Solution File, Format Version 12.00
# Visual Studio 14
VisualStudioVersion = 14.0.24720.0
MinimumVisualStudioVersion = 10.0.40219.1
Project("{FAE04EC0-301F-11D3-BF4B-00C04F79EFBC}") = "AutoWiki", "AutoWiki\AutoWiki.csproj", "{37DE75CD-C4FF-48FD-A337-1403F527EFF4}"
EndProject
Global
	GlobalSection(SolutionConfigurationPlatforms) = preSolution
		Debug|Any CPU = Debug|Any CPU
		Release|Any CPU = Release|Any CPU
	EndGlobalSection
	GlobalSection(ProjectConfigurationPlatforms) = postSolution
		{37DE75CD-C4FF-48FD-A337-1403F527EFF4}.Debug|Any CPU.ActiveCfg = Debug|Any CPU
		{37DE75CD-C4FF-48FD-A337-1403F527EFF4}.Debug|Any CPU.Build.0 = Debug|Any CPU
		{37DE75CD-C4FF-48FD-A337-1403F527EFF4}.Release|Any CPU.ActiveCfg = Release|Any CPU
		{37DE75CD-C4FF-48FD-A337-1403F527EFF4}.Release|Any CPU.Build.0 = Release|Any CPU
	EndGlobalSection
	GlobalSection(SolutionProperties) = preSolution
		HideSolutionNode = FALSE
	EndGlobalSection
EndGlobal
